
Microsoft Visual Studio Solution File, Format Version 12.00
# Visual Studio Version 16
VisualStudioVersion = 16.0.31613.86
MinimumVisualStudioVersion = 10.0.40219.1
Project("{FAE04EC0-301F-11D3-BF4B-00C04F79EFBC}") = "People.Data", "People.Data\People.Data.csproj", "{9C3570E3-FE43-44AC-B6E6-418652C6F14E}"
EndProject
Project("{FAE04EC0-301F-11D3-BF4B-00C04F79EFBC}") = "People.Web", "People.Web\People.Web.csproj", "{EDDCF1D1-130F-4B73-8733-CD6FAB5FB9BC}"
EndProject
Global
	GlobalSection(SolutionConfigurationPlatforms) = preSolution
		Debug|Any CPU = Debug|Any CPU
		Release|Any CPU = Release|Any CPU
	EndGlobalSection
	GlobalSection(ProjectConfigurationPlatforms) = postSolution
		{9C3570E3-FE43-44AC-B6E6-418652C6F14E}.Debug|Any CPU.ActiveCfg = Debug|Any CPU
		{9C3570E3-FE43-44AC-B6E6-418652C6F14E}.Debug|Any CPU.Build.0 = Debug|Any CPU
		{9C3570E3-FE43-44AC-B6E6-418652C6F14E}.Release|Any CPU.ActiveCfg = Release|Any CPU
		{9C3570E3-FE43-44AC-B6E6-418652C6F14E}.Release|Any CPU.Build.0 = Release|Any CPU
		{EDDCF1D1-130F-4B73-8733-CD6FAB5FB9BC}.Debug|Any CPU.ActiveCfg = Debug|Any CPU
		{EDDCF1D1-130F-4B73-8733-CD6FAB5FB9BC}.Debug|Any CPU.Build.0 = Debug|Any CPU
		{EDDCF1D1-130F-4B73-8733-CD6FAB5FB9BC}.Release|Any CPU.ActiveCfg = Release|Any CPU
		{EDDCF1D1-130F-4B73-8733-CD6FAB5FB9BC}.Release|Any CPU.Build.0 = Release|Any CPU
	EndGlobalSection
	GlobalSection(SolutionProperties) = preSolution
		HideSolutionNode = FALSE
	EndGlobalSection
	GlobalSection(ExtensibilityGlobals) = postSolution
		SolutionGuid = {C608B201-5AE5-4F7C-8A82-B03D7612702B}
	EndGlobalSection
EndGlobal
